{
  "version": "3",
  "redirects": {
    "https://esm.sh/esbuild@^0.20.1": "https://esm.sh/esbuild@0.20.2",
    "https://esm.sh/katex@^0.16.9": "https://esm.sh/katex@0.16.10",
    "https://esm.sh/shiki@^1.1.2": "https://esm.sh/shiki@1.2.4"
  },
  "remote": {
    "https://deno.land/x/denoflate@1.2.1/mod.ts": "f5628e44b80b3d80ed525afa2ba0f12408e3849db817d47a883b801f9ce69dd6",
    "https://deno.land/x/denoflate@1.2.1/pkg/denoflate.js": "b9f9ad9457d3f12f28b1fb35c555f57443427f74decb403113d67364e4f2caf4",
    "https://deno.land/x/denoflate@1.2.1/pkg/denoflate_bg.wasm.js": "d581956245407a2115a3d7e8d85a9641c032940a8e810acbd59ca86afd34d44d",
    "https://deno.land/x/esbuild@v0.20.2/mod.js": "67c608ee283233f5d0faa322b887356857c547a8e6a00981f798b2cd38e02436",
    "https://esm.sh/esbuild@0.20.2": "bfb6656ed7eac6c70b4c56cd622db9f203785b20eaebdd33e934316eda7e4929",
    "https://esm.sh/katex@0.16.10": "3614adf52666766715fff6b7c0028e290a71aa7bf574872287b33a2f102d6d07",
    "https://esm.sh/shiki@1.2.4": "71885a356c1070fb90d3fd06c0ae0d53bd3060a8e92bd2cee04d5a1abed5e914",
    "https://esm.sh/v135/@shikijs/core@1.2.4/denonext/core.mjs": "77d1c814ac1c4f38cbe1e7605a1526c6b557a131445b8181b474461419115cc7",
    "https://esm.sh/v135/@shikijs/core@1.2.4/denonext/dist/types.js": "48972a6f732878b652507b4d07ea7d9f7427c107efd18bff4c2670599007a4e0",
    "https://esm.sh/v135/@shikijs/core@1.2.4/denonext/textmate.js": "b8a0c3add007e8be499b3f7ff73796b13d0e34a924d5218710beb461f62c73db",
    "https://esm.sh/v135/@shikijs/core@1.2.4/denonext/wasm-inlined.js": "e67afb66e30de79efddb0aec9f4b0db5712d9960c7a4e585f38c9d3423c0ab20",
    "https://esm.sh/v135/esbuild@0.20.2/denonext/esbuild.mjs": "61cf485d6194e66d1eaa65c99e14d54702b942a823cc56223c2e890d7ebfc3cf",
    "https://esm.sh/v135/katex@0.16.10/denonext/katex.mjs": "caf72dc45c0951b7c0a6602f5e49e990119bde2e4819b1f7ed137a4111c94e5f",
    "https://esm.sh/v135/shiki@1.2.4/denonext/bundle/full.js": "2201276548491e3e72a8a2bdc260e96c1ba863f46049bd135ed6e0acfbc58a2d",
    "https://esm.sh/v135/shiki@1.2.4/denonext/dist/chunks/wasm-dynamic.js": "ba2a308175f2da95c69f664a50a2a00a71c1bdbf45f249d065e510c43a6a1798",
    "https://esm.sh/v135/shiki@1.2.4/denonext/dist/langs/abap.js": "370b1710ffcfa35e62cd4b592e05ed1bbb5c277142f6cb9d5ba2216b2a926bc5",
    "https://esm.sh/v135/shiki@1.2.4/denonext/dist/langs/actionscript-3.js": "6a3072e54c7e6c61f463f66b10b261e36f2d67f05ff2918841c645b093bce40d",
    "https://esm.sh/v135/shiki@1.2.4/denonext/dist/langs/ada.js": "922b2854b85a4d5aa85675f3cb84b78b55de354f0161ac24a6d315b69469ae4b",
    "https://esm.sh/v135/shiki@1.2.4/denonext/dist/langs/angular-expression.js": "ab23051cb993a946f19c605d2e62fc005de327817ea07c2c7d48ef148e215f28",
    "https://esm.sh/v135/shiki@1.2.4/denonext/dist/langs/angular-html.js": "0694aceed462bdfcedecfda32745df3f535bb84eb03ceba7aacb9da5fa051f59",
    "https://esm.sh/v135/shiki@1.2.4/denonext/dist/langs/angular-inline-style.js": "deffebb6a49d2fe02667e19da1d8de4a7801db8b87d24aa79e7549fe7b2d65df",
    "https://esm.sh/v135/shiki@1.2.4/denonext/dist/langs/angular-inline-template.js": "dbae478e5f104ee9d1bf1996951199184b8e1cdb3d230720ef0067def2cb58ea",
    "https://esm.sh/v135/shiki@1.2.4/denonext/dist/langs/angular-template-blocks.js": "417dda71b7825871d2b98b1ff5ea9d4799cf9e3f157f1238a5cd1b958bbad14d",
    "https://esm.sh/v135/shiki@1.2.4/denonext/dist/langs/angular-template.js": "2fe9bebe2d48be4dad87df952547a57715fcb4253dc6112d9f07fbdcd7d299c5",
    "https://esm.sh/v135/shiki@1.2.4/denonext/dist/langs/angular-ts.js": "a04bbfbbdc3408101c68f85a446337a30217c03c9f54f66e30cbc16a6b1bea76",
    "https://esm.sh/v135/shiki@1.2.4/denonext/dist/langs/apache.js": "5efd6aeb6eddf45e315e016e128e8fce654ead6c0b2184bb0250fd1bde428bf5",
    "https://esm.sh/v135/shiki@1.2.4/denonext/dist/langs/apex.js": "0d2d59abcc0ad5121afa3321234f73c6e3e084cfa30c4ab3a8d69c80e2e610a3",
    "https://esm.sh/v135/shiki@1.2.4/denonext/dist/langs/apl.js": "748b76d12379dc0913f7ae5896199c88ac274d68d2666296ee03eb9d72625d49",
    "https://esm.sh/v135/shiki@1.2.4/denonext/dist/langs/applescript.js": "75bcd466cca602edcb5caa6af99b16b891dfea7614aecb58dbf66e79aa2a2c53",
    "https://esm.sh/v135/shiki@1.2.4/denonext/dist/langs/ara.js": "6f64c510af4f0bfaf476e25a8361faf7f6f55172c3ab785167107afbe9090628",
    "https://esm.sh/v135/shiki@1.2.4/denonext/dist/langs/asm.js": "b9c23dce5977ce91519067e762e0d95b80d6959a06391f93064c410db55d5e75",
    "https://esm.sh/v135/shiki@1.2.4/denonext/dist/langs/astro.js": "4109032e08d21f3b3f6c2787cfdf58e82cc8ad481f060ffebcf343eba7b6de9b",
    "https://esm.sh/v135/shiki@1.2.4/denonext/dist/langs/awk.js": "36005623be925b8a3aa3f256b349db67757e67dd5dbc6aad4c0875342a2ad590",
    "https://esm.sh/v135/shiki@1.2.4/denonext/dist/langs/ballerina.js": "950787d2d650d63093883f1994727a29d579bc797a9e893820002ba678d12e60",
    "https://esm.sh/v135/shiki@1.2.4/denonext/dist/langs/bat.js": "49b5bb2b1436938052f0fb4b54d09d8faa097224638f7fc01ea10157b2645ddb",
    "https://esm.sh/v135/shiki@1.2.4/denonext/dist/langs/beancount.js": "ca26cb5c43e859ba940ecab93d9029e8216e6cdbb10a824bf1a8d024d0da04a7",
    "https://esm.sh/v135/shiki@1.2.4/denonext/dist/langs/berry.js": "e632d13a427830a1b54114902cc2841f20365b6ae722dad73b6e18944eb7d69a",
    "https://esm.sh/v135/shiki@1.2.4/denonext/dist/langs/bibtex.js": "5df9a44f926dd079f36a1fdae11828beca3cf747f7028ee6bdb130dc17f0963b",
    "https://esm.sh/v135/shiki@1.2.4/denonext/dist/langs/bicep.js": "9bac078b601547cca7cf4a2b6b4adbb4f5af0c34e6a9e96efbeae22f2cbffb99",
    "https://esm.sh/v135/shiki@1.2.4/denonext/dist/langs/blade.js": "7cd4dd2097379862f6c26ace2c1999e571114a6295510d23d09e20515bb741f5",
    "https://esm.sh/v135/shiki@1.2.4/denonext/dist/langs/c.js": "19cbd880d710958e09fc9ccc431c85848dbae02a57f0df146954dd899beedad2",
    "https://esm.sh/v135/shiki@1.2.4/denonext/dist/langs/cadence.js": "dc99b66634320e67b445da3e488a39221f38e0229a8e4d1ad5cfb0792b9d29c5",
    "https://esm.sh/v135/shiki@1.2.4/denonext/dist/langs/clarity.js": "c0c10fa41f09ec0f1f77c1b14341708176f89887f26a3ef602466f6aa060eaba",
    "https://esm.sh/v135/shiki@1.2.4/denonext/dist/langs/clojure.js": "e5056ea8934af23d2f7575725b455128f6090973d49673052c4e57cea3b1b1a4",
    "https://esm.sh/v135/shiki@1.2.4/denonext/dist/langs/cmake.js": "a965787c0022b3d0954f475c1d7f1d12be454d108cec5a35e6e9a0341b37d436",
    "https://esm.sh/v135/shiki@1.2.4/denonext/dist/langs/cobol.js": "33b74e52d613b00194379f7789d5d5b5201e0ca720c13ceb111f6483d358abbd",
    "https://esm.sh/v135/shiki@1.2.4/denonext/dist/langs/codeql.js": "b85eb4626cebf17f03d6e32bb5715b2a178fc33f4169705dfcf912fd5c8be38e",
    "https://esm.sh/v135/shiki@1.2.4/denonext/dist/langs/coffee.js": "e204b91640eed3f11deb5f152e7c7158108594e66d5c5d9f73348289213f8055",
    "https://esm.sh/v135/shiki@1.2.4/denonext/dist/langs/cpp-macro.js": "cb03c4505c54191c7c3f2830b04d84fd676e8fdbba71a4280d2301a9a15fe642",
    "https://esm.sh/v135/shiki@1.2.4/denonext/dist/langs/cpp.js": "63fdd06e36ccc13d6f532d790cc9e861fcf1c5188b697b3b276dfaff4178c84f",
    "https://esm.sh/v135/shiki@1.2.4/denonext/dist/langs/crystal.js": "ba8da61ec8f68b5c8150a805c3858eb4febd0fbb6122b54077ef1b7dd531d853",
    "https://esm.sh/v135/shiki@1.2.4/denonext/dist/langs/csharp.js": "aa051fad51fd1bf5c1a189bbc2a56c0b827d2f6bf07a8d9c0acf31ed6cddcb8b",
    "https://esm.sh/v135/shiki@1.2.4/denonext/dist/langs/css.js": "30b20209461fd19f336978c9b2512c0388dffcdb60acc54dd4b0ae01816f8995",
    "https://esm.sh/v135/shiki@1.2.4/denonext/dist/langs/csv.js": "08a6297bf7a7012f058fda25313fc2a0c92abe8c833c0eefa746ab970f59b28b",
    "https://esm.sh/v135/shiki@1.2.4/denonext/dist/langs/cue.js": "af1e40a936345c13f08ee5e5b2c0b159f5e65fea9e37ccb247b3793e5391845c",
    "https://esm.sh/v135/shiki@1.2.4/denonext/dist/langs/cypher.js": "0f146a0995c4f04f5d903437fe13ab73fb617668142be65a94510fce01f50f9f",
    "https://esm.sh/v135/shiki@1.2.4/denonext/dist/langs/d.js": "65ae1547e521f3073a24439bb64fb2b4dc540ec1a313f65d397aae398adff71b",
    "https://esm.sh/v135/shiki@1.2.4/denonext/dist/langs/dart.js": "e75f6ee3c0762ec18d8cd368366e530e299b79bbbff64dcd3aa016be7c7d317e",
    "https://esm.sh/v135/shiki@1.2.4/denonext/dist/langs/dax.js": "f5fe5e881f63e186ab13f556be3840eba5c37661efab03f366980900b3a8941a",
    "https://esm.sh/v135/shiki@1.2.4/denonext/dist/langs/diff.js": "0414b5930bf81be4050912f5808d89c17d0b1da25673efc4f99e68a080480028",
    "https://esm.sh/v135/shiki@1.2.4/denonext/dist/langs/docker.js": "90535378ce4897b20dcc9d897b04a0910181e9a242c3bfb209ea6ad24a431b0a",
    "https://esm.sh/v135/shiki@1.2.4/denonext/dist/langs/dream-maker.js": "affb2c59d769d8f8043a07afc5fc10560820531bb8d26adb7b44cae4b21f2e70",
    "https://esm.sh/v135/shiki@1.2.4/denonext/dist/langs/elixir.js": "7c201b391b633701264013e03e47f03a168adfcc09e51dbc51d030d71035dd59",
    "https://esm.sh/v135/shiki@1.2.4/denonext/dist/langs/elm.js": "18fd3330b3f8d9400a3dc7d854b74f2b4eae3704d36dceb3636cab77c6a8a019",
    "https://esm.sh/v135/shiki@1.2.4/denonext/dist/langs/erb.js": "058383ca90130e4c2d19cdacede2347c43fe9547b37875dd612732262839243d",
    "https://esm.sh/v135/shiki@1.2.4/denonext/dist/langs/erlang.js": "37ab34066ca63b1bec78e4672151f98a83d39b188b9967041f95b1510f0834d5",
    "https://esm.sh/v135/shiki@1.2.4/denonext/dist/langs/fish.js": "a2c2515a92386397e6c251d44fb3470b7b91aa359671a2603c83a6d727d40b95",
    "https://esm.sh/v135/shiki@1.2.4/denonext/dist/langs/fortran-fixed-form.js": "78ee8f2d4a2ddbf90c7986c1db2f8cfd521f8f3da923005a7aac6adc94ae29c9",
    "https://esm.sh/v135/shiki@1.2.4/denonext/dist/langs/fortran-free-form.js": "691888ef023764d02024be978b41eb21aedc4fac01f9dc980197be93d236a137",
    "https://esm.sh/v135/shiki@1.2.4/denonext/dist/langs/fsharp.js": "280808a9e806276d7229245387efde201db0483b5d13fdb0aed4edb721ac4ee9",
    "https://esm.sh/v135/shiki@1.2.4/denonext/dist/langs/gdresource.js": "6c76a55bfd9edea4945ade0f7b574702953e0c587820b5ab5f98a6b3122a7886",
    "https://esm.sh/v135/shiki@1.2.4/denonext/dist/langs/gdscript.js": "0209d3daebaa5d9d9c1471c5447371504d3e597a24a63d171cfba1982980045b",
    "https://esm.sh/v135/shiki@1.2.4/denonext/dist/langs/gdshader.js": "2660b8e5cf0a7d4597902e4c5faf8aa14707ac3a01843ddb8c6de5f3935f86ca",
    "https://esm.sh/v135/shiki@1.2.4/denonext/dist/langs/gherkin.js": "c050f5943aa04d28ea94b4ba9edd7b0e753d8690508270c8076dc522859b0a53",
    "https://esm.sh/v135/shiki@1.2.4/denonext/dist/langs/git-commit.js": "1c3e2f0eeb7b63faf5c72cb6855b81180b649fa25351612d4cc85ca629c0b7b2",
    "https://esm.sh/v135/shiki@1.2.4/denonext/dist/langs/git-rebase.js": "b22af0b0424866a5d8c9d07030bc4db5038d82839769e2f722bd3a2ab867f6a3",
    "https://esm.sh/v135/shiki@1.2.4/denonext/dist/langs/gleam.js": "ce4f66e704ea2a8e4e2e9db768443c68f457694b6db73c8d56876497e713e9f0",
    "https://esm.sh/v135/shiki@1.2.4/denonext/dist/langs/glimmer-js.js": "ef73044da6aba548d49136590a193c07153c7a52b7f20619d368cc02a36d314d",
    "https://esm.sh/v135/shiki@1.2.4/denonext/dist/langs/glimmer-ts.js": "b93e061e92445f02fbe3eb4f760cc63611581f01d3d62c8f368abc5a2af2f8f3",
    "https://esm.sh/v135/shiki@1.2.4/denonext/dist/langs/glsl.js": "61d7bfdbdde67615a391015cf946029777d9467b80d476d6473ac9a12bb2cd32",
    "https://esm.sh/v135/shiki@1.2.4/denonext/dist/langs/gnuplot.js": "2de1c02ea8023b2d0d5859e42a80df28df347b2c45ca67a45f0329db82fc6df1",
    "https://esm.sh/v135/shiki@1.2.4/denonext/dist/langs/go.js": "94fd6f60880c1a78e55570a0fcc5bfa11c039e4e179d65d928ab4cef9caeec17",
    "https://esm.sh/v135/shiki@1.2.4/denonext/dist/langs/graphql.js": "4f0637fec134ba4838bd130132d736ea9019111fc04994b85f1c28945d1d44f6",
    "https://esm.sh/v135/shiki@1.2.4/denonext/dist/langs/groovy.js": "a5025096bb5c80b5b83307e71dfb64a0f7bb2f7276984c98a9e6826c9a871916",
    "https://esm.sh/v135/shiki@1.2.4/denonext/dist/langs/hack.js": "95de2e6f3b81b28844f37fe590bfb68960a7ccffec57f1d47651c6014d820c10",
    "https://esm.sh/v135/shiki@1.2.4/denonext/dist/langs/haml.js": "95f2dd63e5edabbed3999e1aa76459def01d65e61060086c69051b3b3322b295",
    "https://esm.sh/v135/shiki@1.2.4/denonext/dist/langs/handlebars.js": "5d3f7b5f62d67ff4108452be40d4026104821f91ae1f6909880b9160e03a5599",
    "https://esm.sh/v135/shiki@1.2.4/denonext/dist/langs/haskell.js": "431f02ccff49b43cd364d3d8896433b275663b48145b43a76a8167ca196420b3",
    "https://esm.sh/v135/shiki@1.2.4/denonext/dist/langs/hcl.js": "2486a5293402913f33a80855a5854036347aee48295521a44b8ccb742547188c",
    "https://esm.sh/v135/shiki@1.2.4/denonext/dist/langs/hjson.js": "12f5e26030fa64dca5e498be27bbde4505be58e92c31e7f8de4da6dc93d8b23e",
    "https://esm.sh/v135/shiki@1.2.4/denonext/dist/langs/hlsl.js": "922e8f7517212906f87071eccfd7fe07720845c2e7b463c6102d4b4bf15969b8",
    "https://esm.sh/v135/shiki@1.2.4/denonext/dist/langs/html-derivative.js": "20eda47f8228c6953f0e3c77735e80e9ee4258761d60b1ade4f3ef244c0dd3c5",
    "https://esm.sh/v135/shiki@1.2.4/denonext/dist/langs/html.js": "b81a45ea206e19da2b5e49765e1f9cfae0b0acb67ff7bafd295edfbbd7b6566e",
    "https://esm.sh/v135/shiki@1.2.4/denonext/dist/langs/http.js": "819074a5b9c06d9353b9baf5ba6f7a1e3d52df0262d092c4fe28d33b382dba44",
    "https://esm.sh/v135/shiki@1.2.4/denonext/dist/langs/imba.js": "51d6e3aee2ff1ee66f0bd3329a642f27fee51d934e539c418e92d8b883032bb6",
    "https://esm.sh/v135/shiki@1.2.4/denonext/dist/langs/ini.js": "ae25ea15faf120636c5e05562bdde509ca128bde05369ee120dad814e6d3a392",
    "https://esm.sh/v135/shiki@1.2.4/denonext/dist/langs/java.js": "d29a87118ab672d7da34db1b782dbda3d755aa355d9b7292aa78332f01dfc561",
    "https://esm.sh/v135/shiki@1.2.4/denonext/dist/langs/javascript.js": "641a6a1fd38a1a00a9224e45fc5febc39220b1baef35760742c6d4a81d775e38",
    "https://esm.sh/v135/shiki@1.2.4/denonext/dist/langs/jinja-html.js": "801b80424fcd65faf336bd5b5ae6e77eb46500f42ddc9ef0a7c1c4872841ea86",
    "https://esm.sh/v135/shiki@1.2.4/denonext/dist/langs/jinja.js": "0e9fba45d0a67a58b2779561cf6ecce339fd87ba414ed0046e41302b49645bf1",
    "https://esm.sh/v135/shiki@1.2.4/denonext/dist/langs/jison.js": "877223e54d09d15353ca7b4e058440511c5dd2040457eaec90a73323e63440da",
    "https://esm.sh/v135/shiki@1.2.4/denonext/dist/langs/json.js": "bffd6b6ebb013737f0a45760638846e05014a97b37f1ae3ad060f17b261a2263",
    "https://esm.sh/v135/shiki@1.2.4/denonext/dist/langs/json5.js": "5a46ad723399bfe2a45b8558f2c91610b80195b2ae768b554b92f7f05b6bd3a9",
    "https://esm.sh/v135/shiki@1.2.4/denonext/dist/langs/jsonc.js": "4ad817f1c6e8f080da895ec0855de669f838fd8bd064f322288891d4ccce7460",
    "https://esm.sh/v135/shiki@1.2.4/denonext/dist/langs/jsonl.js": "b592840f4b6e733499fe65d0270e4ff880df5161b2c4ca86a33f5d08fbf2c80f",
    "https://esm.sh/v135/shiki@1.2.4/denonext/dist/langs/jsonnet.js": "f0417e45eab0dc3f45612caa781a39f14250073ba1ad5feb700d259e90d517ef",
    "https://esm.sh/v135/shiki@1.2.4/denonext/dist/langs/jssm.js": "fc730faaa352ad490b9ba4807d70f509004cfaf132b7ac8e779184aa2484c366",
    "https://esm.sh/v135/shiki@1.2.4/denonext/dist/langs/jsx.js": "425c5ed928ea6c213e846c8499ddb726edc608f3c1daf9188d70b5418a007c64",
    "https://esm.sh/v135/shiki@1.2.4/denonext/dist/langs/julia.js": "ee7a99c89a6e647d9abb6ac143ab71a6728f161271e68a3a923116ae43f27dfc",
    "https://esm.sh/v135/shiki@1.2.4/denonext/dist/langs/kotlin.js": "98cc6683d868a8f5a60e37ff3b13dc6b0100f70142c7cabc7ef3a230c1a208a5",
    "https://esm.sh/v135/shiki@1.2.4/denonext/dist/langs/kusto.js": "d4becf9fa608534edc28ecaacc2be9fea2c508ca482edefbc1fdb7c10ea86c9d",
    "https://esm.sh/v135/shiki@1.2.4/denonext/dist/langs/latex.js": "38cd786db978973d3cc1d09afc543bacc18d1ef40487f47a875fac73dd1f216a",
    "https://esm.sh/v135/shiki@1.2.4/denonext/dist/langs/less.js": "f41b931243ba115c4a97a02f7e81e9783433216a5be62f3e483f69d3d592d53b",
    "https://esm.sh/v135/shiki@1.2.4/denonext/dist/langs/liquid.js": "08f51931c1b7bbf1cb89675576927b3297a40531106a41dbd9b2892a723565b5",
    "https://esm.sh/v135/shiki@1.2.4/denonext/dist/langs/lisp.js": "934ef956d3cb7f5417979b85713a219d64bcf19dc483860628f5c6c61aba7034",
    "https://esm.sh/v135/shiki@1.2.4/denonext/dist/langs/logo.js": "10c93d90a404b4de203d8f0553ca0c8ab9345c9e4e4478ff5dff9be4e67bbd0c",
    "https://esm.sh/v135/shiki@1.2.4/denonext/dist/langs/lua.js": "3c831f18ce919e6604308659203905c820f99367e9f6aa0dfd73b6b0ec991c4d",
    "https://esm.sh/v135/shiki@1.2.4/denonext/dist/langs/make.js": "688a3fcc464c017d139f43963c643ba0bb0f4d09498d2c3e956502626c6140c7",
    "https://esm.sh/v135/shiki@1.2.4/denonext/dist/langs/markdown-vue.js": "74c470a0394a18ba119508383561551942f12fd6ecd5abb58819fa1183953551",
    "https://esm.sh/v135/shiki@1.2.4/denonext/dist/langs/markdown.js": "cd70ef523aaf0e648b4f2e2ef4e9f1ea95f1ae5338ceb58a4e0300589168456e",
    "https://esm.sh/v135/shiki@1.2.4/denonext/dist/langs/marko.js": "3ec68b536976fb922891255c6db27bc1d6b594cb8b20013e22b5406a13ee6c66",
    "https://esm.sh/v135/shiki@1.2.4/denonext/dist/langs/matlab.js": "f2c0c5c0a4b942d2ecc6a22e4e284923bbc77eef9811217f95c158d19e7a1f9b",
    "https://esm.sh/v135/shiki@1.2.4/denonext/dist/langs/mdc.js": "c08b13387a27533b5ca32a49031cf956aee0671f7b293af21cd2f6850ef09b4a",
    "https://esm.sh/v135/shiki@1.2.4/denonext/dist/langs/mdx.js": "3a03e9505e6de38c518514848f8ec19c9c807cb546fa6e1a7f4dabf544a36350",
    "https://esm.sh/v135/shiki@1.2.4/denonext/dist/langs/mermaid.js": "e1efff927f6c3329e9362ed891663c6017112866ea82dfd867064d3be8bf2111",
    "https://esm.sh/v135/shiki@1.2.4/denonext/dist/langs/mojo.js": "421b95aa437e913799820907a47989d250853c5bd0cc3e439131d918642af4d8",
    "https://esm.sh/v135/shiki@1.2.4/denonext/dist/langs/move.js": "11966d89af3893cf7187b911dce9fb24bb1c9dfbf994a8e5090073ea5b061b8f",
    "https://esm.sh/v135/shiki@1.2.4/denonext/dist/langs/narrat.js": "b6b54fefe5ea7c4f0ad94cc844daff77b07ef929acfbe4ab546fb6981e396710",
    "https://esm.sh/v135/shiki@1.2.4/denonext/dist/langs/nextflow.js": "5163efe569410732862364500f3307858f4504a11ddc2695ae42214c8d51c8d1",
    "https://esm.sh/v135/shiki@1.2.4/denonext/dist/langs/nginx.js": "5673b5992220899c1d6055f2b129309a8afb6e2d30dbd4c7abf57af2d6b129a8",
    "https://esm.sh/v135/shiki@1.2.4/denonext/dist/langs/nim.js": "71a157313c02c5c2f53fdec9da5ef3523a830a575551034a80048ae027859ece",
    "https://esm.sh/v135/shiki@1.2.4/denonext/dist/langs/nix.js": "d0967ea25a04427169b12c7d60588ce47217b1f44a5422acd9236bd6435b985a",
    "https://esm.sh/v135/shiki@1.2.4/denonext/dist/langs/nushell.js": "bfb4ebdc2fff209f1abca6796ed038e3f0cb74a4bc72f59b02ca1ef3499d45cd",
    "https://esm.sh/v135/shiki@1.2.4/denonext/dist/langs/objective-c.js": "34067e26e8efc3b2e440b5ca0da27541fa4ecd62aa06cda39cba7585fd05ceb7",
    "https://esm.sh/v135/shiki@1.2.4/denonext/dist/langs/objective-cpp.js": "84ecdae5a4b89994b93c9a26a8b1b0ea42aed73784637bff14aab1074b52b6fb",
    "https://esm.sh/v135/shiki@1.2.4/denonext/dist/langs/ocaml.js": "27c61a3f124e3a424ecabbd28be6dee3573c43781d1ba913cd55769419ffd418",
    "https://esm.sh/v135/shiki@1.2.4/denonext/dist/langs/pascal.js": "3f7122c30dfecdaabc83bf0858d22049f56e7c8149422a9dd445c46174c98072",
    "https://esm.sh/v135/shiki@1.2.4/denonext/dist/langs/perl.js": "b06b98bc1e8e289a315a3f850cb83aa27c303f8a4063435c6e1b6fa938af9902",
    "https://esm.sh/v135/shiki@1.2.4/denonext/dist/langs/php.js": "1efb814607e15276870547860972bd64b3afdbc1a2ef92175e00e2d225368a2d",
    "https://esm.sh/v135/shiki@1.2.4/denonext/dist/langs/plsql.js": "df113ba0002819176eeee2527506bda8f1f26aaa0e284d2a93b02cc5602370f6",
    "https://esm.sh/v135/shiki@1.2.4/denonext/dist/langs/postcss.js": "a6a53c6130841c0724635d61f9a8d7e420ddd7bdf3cdd26f975fbdfd8c170e40",
    "https://esm.sh/v135/shiki@1.2.4/denonext/dist/langs/powerquery.js": "023b64040e74463c803e9bdf8af4c7356b9f004d995509badd1518efe771322a",
    "https://esm.sh/v135/shiki@1.2.4/denonext/dist/langs/powershell.js": "7f7a9c0cea64e2bcc5a299bd9dc9fc0bc86ffce8318a18d2369b0e2c224d97ca",
    "https://esm.sh/v135/shiki@1.2.4/denonext/dist/langs/prisma.js": "2892067c28d2c702daaa7c33d537cc230a0bec72578b0b2dd88095f87d14d427",
    "https://esm.sh/v135/shiki@1.2.4/denonext/dist/langs/prolog.js": "1c1e33c7fab02dc01a571d2328041eaa20b178d1f85bd005d191c8c19144ba4c",
    "https://esm.sh/v135/shiki@1.2.4/denonext/dist/langs/proto.js": "092db6fd11f3b6d2ddb65576c473a15befcb8936ccb52c2fb9761fa46a8ce2cb",
    "https://esm.sh/v135/shiki@1.2.4/denonext/dist/langs/pug.js": "a98280a081ddbe843cbf8f99c2322e18d8753007cfb648b0c96883cf4c835e32",
    "https://esm.sh/v135/shiki@1.2.4/denonext/dist/langs/puppet.js": "ee43b4b543ea87c497a8f03d2e38f656728a32884e2df552d18ce9bacd38188f",
    "https://esm.sh/v135/shiki@1.2.4/denonext/dist/langs/purescript.js": "86b97b6256b1544bea7d43fabd8bc9af6e9ac831a25e8909b6f8f51a1f3ef4e5",
    "https://esm.sh/v135/shiki@1.2.4/denonext/dist/langs/python.js": "8b21c13617e98b4a281d8c86b354bdb56d1e2e20034b8124023f65873d1d25f0",
    "https://esm.sh/v135/shiki@1.2.4/denonext/dist/langs/r.js": "a44f54566afb483d4b762b23692b9700b859d183fe42d9bfd077f8ff8b2a36d0",
    "https://esm.sh/v135/shiki@1.2.4/denonext/dist/langs/raku.js": "6cfc59042d520a1b3bc123d56e32d9fd2becbc503314a63116e9005d7f294e9e",
    "https://esm.sh/v135/shiki@1.2.4/denonext/dist/langs/razor.js": "3038138b5c1e410828ce1de185a1fec6efbe07ece3c26923ebd2e9b7fc9511d1",
    "https://esm.sh/v135/shiki@1.2.4/denonext/dist/langs/reg.js": "75878a835fd6a01d51a4f8b4b664f326169a305c30dc713a32523e3a1bf86da1",
    "https://esm.sh/v135/shiki@1.2.4/denonext/dist/langs/rel.js": "b7e7c10a5522b51b7fb7d0171a2bdcb2dc08ff573fef6ab1dd507e301d282386",
    "https://esm.sh/v135/shiki@1.2.4/denonext/dist/langs/riscv.js": "b84a714fc1c3129db2ab15b7cd098a3efd1f6e498f4b3d348aa068dfde6b532e",
    "https://esm.sh/v135/shiki@1.2.4/denonext/dist/langs/rst.js": "b426a358d094cd7803ece53a37e6efc391abde1dbf83dbba246431206c633a12",
    "https://esm.sh/v135/shiki@1.2.4/denonext/dist/langs/ruby.js": "ddad9615e46dca6549b9852c6b9791cc1b0101f40d928a9e830a8144bf62aa54",
    "https://esm.sh/v135/shiki@1.2.4/denonext/dist/langs/rust.js": "322d347f3a934c405698a8f9214216e6dc80814863f801cbab7ef955f3edcb18",
    "https://esm.sh/v135/shiki@1.2.4/denonext/dist/langs/sas.js": "24c1fd6e4389d206f65a857c58f11458da944307bd19db8d0502bcd912a3b693",
    "https://esm.sh/v135/shiki@1.2.4/denonext/dist/langs/sass.js": "482f1d781eefe17b4a98963ad96c56a89f89c933c7b4bb233d2a2ff3976c9d80",
    "https://esm.sh/v135/shiki@1.2.4/denonext/dist/langs/scala.js": "6888687c0d525f7e4fe05c8e47b12f9cb4d73240012ff94344d133900de300ea",
    "https://esm.sh/v135/shiki@1.2.4/denonext/dist/langs/scheme.js": "eb909d81e053fb508f8c2a993f5db997eca5a07aca255dd5e3f7d31be3fb171e",
    "https://esm.sh/v135/shiki@1.2.4/denonext/dist/langs/scss.js": "cea209adc37fbdf06814696bd83e1525b4d4240964138467e8289d1e95a1d4e0",
    "https://esm.sh/v135/shiki@1.2.4/denonext/dist/langs/shaderlab.js": "3987a342068471bf49585a408aa29e5d90870e6e23053f170700b28df29c1966",
    "https://esm.sh/v135/shiki@1.2.4/denonext/dist/langs/shellscript.js": "18cdc54794738d302e9427f98019e94f8578b676e4e7cc6110daa80bdc2a499d",
    "https://esm.sh/v135/shiki@1.2.4/denonext/dist/langs/shellsession.js": "337f384209157c7d980cea19b6c2b35263e610e34098ec058b845c264fbbbb6e",
    "https://esm.sh/v135/shiki@1.2.4/denonext/dist/langs/smalltalk.js": "24a6ea3381a8a420813e7796c3b9c22ab4a832b6a95ceea8eaae768ac3889b58",
    "https://esm.sh/v135/shiki@1.2.4/denonext/dist/langs/solidity.js": "75f2cabd979346649113e636a3cefb66e664eeed7f02d18a20da0e0f50d12d99",
    "https://esm.sh/v135/shiki@1.2.4/denonext/dist/langs/sparql.js": "7f6da9401e912c5b9bb65a8fff142647da6a0783979e3764fc64db725dcde063",
    "https://esm.sh/v135/shiki@1.2.4/denonext/dist/langs/splunk.js": "71c64d154af76a4a6735185bd7719569fc4aec04c34e013530b3f12026a626ba",
    "https://esm.sh/v135/shiki@1.2.4/denonext/dist/langs/sql.js": "5617a3541c05d3f4d5eb60bbe486782d441f3371d626e18c07a6a3d39bc03fca",
    "https://esm.sh/v135/shiki@1.2.4/denonext/dist/langs/ssh-config.js": "f3e94841b7d4d772ff448341a1b4138645f06f094751cd5962cd20394b42d17b",
    "https://esm.sh/v135/shiki@1.2.4/denonext/dist/langs/stata.js": "3474c371a193741ca4604de0a357e8871fb87168ecadce6fe14594feb70361f0",
    "https://esm.sh/v135/shiki@1.2.4/denonext/dist/langs/stylus.js": "93cd2c883eaf757f52869ddd823f8c9330e7df5da27fc2d7da088cf14919f231",
    "https://esm.sh/v135/shiki@1.2.4/denonext/dist/langs/svelte.js": "4796926048c6e64491b2c6c89945c5d43a27b65d0cfc2a2f15ff4e8e57c916cd",
    "https://esm.sh/v135/shiki@1.2.4/denonext/dist/langs/swift.js": "07d5317f3b67daa879c53617c20c041ecbb52cb836f7ae3397895d4cc2b55ff7",
    "https://esm.sh/v135/shiki@1.2.4/denonext/dist/langs/system-verilog.js": "e1fe2aa4149c34b8df0331329dbcde1fe6acffdbc25ef7ab7bc8adbf25857ae4",
    "https://esm.sh/v135/shiki@1.2.4/denonext/dist/langs/tasl.js": "c54da5ee6b86bd7d62c5ed0e900c757aa63d6dbf878040beed9a13499e99bd2c",
    "https://esm.sh/v135/shiki@1.2.4/denonext/dist/langs/tcl.js": "9d3a3795890f831413c9075cc42e0e5c7f693cf97e835938af98a32ef44fee9a",
    "https://esm.sh/v135/shiki@1.2.4/denonext/dist/langs/terraform.js": "bcf3ced51bb02e736b9ad74ca3850b8bd25a05492971a0e2c66701fd0531202a",
    "https://esm.sh/v135/shiki@1.2.4/denonext/dist/langs/tex.js": "3adbaeb30607f3a6d76bc5c62963b24109b6e17b59362593c37ffbab013815be",
    "https://esm.sh/v135/shiki@1.2.4/denonext/dist/langs/toml.js": "946c8367fb7d9d1bbf75fce0209580db37b2769edf4b4f479e69ecbd8fe33e9b",
    "https://esm.sh/v135/shiki@1.2.4/denonext/dist/langs/tsv.js": "607c268fb2852b1c0ef2fa3f690159bb86036627896edf28f4c2470499b0f35f",
    "https://esm.sh/v135/shiki@1.2.4/denonext/dist/langs/tsx.js": "ee60f4b72884b6edd65a13449db7c2f26b1ba2d0313205bc0a3c27a60f53abc0",
    "https://esm.sh/v135/shiki@1.2.4/denonext/dist/langs/turtle.js": "1452b570e4580736e160962a256bb4b163d41d810192e2b42d05fd03f569b4b7",
    "https://esm.sh/v135/shiki@1.2.4/denonext/dist/langs/twig.js": "9d05bd52fb029655182779a8cfa7db9678af76044cdcd2148bde2ab1e8a4edfd",
    "https://esm.sh/v135/shiki@1.2.4/denonext/dist/langs/typescript.js": "2f5ce72dc998ac7e8da9f09f47d43cfc94c6e002de9ef3dad84474d4ebbe5f09",
    "https://esm.sh/v135/shiki@1.2.4/denonext/dist/langs/typst.js": "65146df85fe135da97c505edef57e2ef953f2651af09a781774473cc75b710c9",
    "https://esm.sh/v135/shiki@1.2.4/denonext/dist/langs/v.js": "12962f6ffe8a23399accc8596a3f97ef9515db382a1a2a0fad4bf5ed49b02572",
    "https://esm.sh/v135/shiki@1.2.4/denonext/dist/langs/vb.js": "c09e4c1e55eea2aa1686cee789c4f087cb3662ad088902e29f21ab1ae91f7d34",
    "https://esm.sh/v135/shiki@1.2.4/denonext/dist/langs/verilog.js": "ea4b9382e0d3c2ed5108b4cfa843e6d312f9c7284059799e74fed04f2bcd93d4",
    "https://esm.sh/v135/shiki@1.2.4/denonext/dist/langs/vhdl.js": "ab5621e27df7839c06e3fa00d43bb24bbf0ef0f58ed81bed7324fba678e03992",
    "https://esm.sh/v135/shiki@1.2.4/denonext/dist/langs/viml.js": "be0b3b01c46373f0e8af582727f164596eebcc44d8377ad2315c4705eb68d9ec",
    "https://esm.sh/v135/shiki@1.2.4/denonext/dist/langs/vue-directives.js": "68030d2a22ce531647e88a1bb7035a17f5fe282b84879292eea837d0ea3372fe",
    "https://esm.sh/v135/shiki@1.2.4/denonext/dist/langs/vue-html.js": "6ec0f3f168d39d2ca7e372ec11766335397a9fed335e69a2cd9cdbb719449571",
    "https://esm.sh/v135/shiki@1.2.4/denonext/dist/langs/vue-interpolations.js": "7f2836a3fa99d2ab16cbfe1abfab9f25f7b66cffd924de69ce8a498792f43f8a",
    "https://esm.sh/v135/shiki@1.2.4/denonext/dist/langs/vue-sfc-style-variable-injection.js": "7a31296598ba7c93c2de2a4f46872b2150cfa76ddc457368d3e8702c465b14fd",
    "https://esm.sh/v135/shiki@1.2.4/denonext/dist/langs/vue.js": "099013704cb6ba322ff83742c9282c2cdbe62fea0ecac28aa781fe46838d3d96",
    "https://esm.sh/v135/shiki@1.2.4/denonext/dist/langs/vyper.js": "233e36db73d693ca395918402821e728245decfb3765ed87a884ac4eae3be92a",
    "https://esm.sh/v135/shiki@1.2.4/denonext/dist/langs/wasm.js": "c07ffffa5460c1551688c1d63cc43b2f7b0a36e16a8edb36ba4a9a561d88a1be",
    "https://esm.sh/v135/shiki@1.2.4/denonext/dist/langs/wenyan.js": "bdc1b4d0c00b36dba11d6f3cc1afe2b769fae2867f6914ca2c49364efae454b9",
    "https://esm.sh/v135/shiki@1.2.4/denonext/dist/langs/wgsl.js": "2416f4f0674bb78d2dd01d19fa85e63585eac1e5c217e24734fefafa77b613e9",
    "https://esm.sh/v135/shiki@1.2.4/denonext/dist/langs/wolfram.js": "40f34d5f66355598ccc3095467ae4698e429bbe66a7ca26c160472d061008278",
    "https://esm.sh/v135/shiki@1.2.4/denonext/dist/langs/xml.js": "bc73e3ac52e19d54837f95187a765095f4194619fe99e876230f2625e0d6679f",
    "https://esm.sh/v135/shiki@1.2.4/denonext/dist/langs/xsl.js": "968e349bb7d4f8ab136d9b63a462193c1688505bc65b62582c4b13ae5621f022",
    "https://esm.sh/v135/shiki@1.2.4/denonext/dist/langs/yaml.js": "39a80c41cb4b2803405a0d5ce92b657a0b777c2b2df527f55b0cbeee5e7bd770",
    "https://esm.sh/v135/shiki@1.2.4/denonext/dist/langs/zenscript.js": "5af7ea7759145922ae2628b828530ff3641295efa40b225787b3873d542025b9",
    "https://esm.sh/v135/shiki@1.2.4/denonext/dist/langs/zig.js": "ee250f41bc367531a12f2042dc3df82d73605d9106da1854c8d5b9eacdccc209",
    "https://esm.sh/v135/shiki@1.2.4/denonext/dist/themes/andromeeda.js": "efee1ae61b036976272918e6f928873beabc42688d338fb74b17afaa1441fdad",
    "https://esm.sh/v135/shiki@1.2.4/denonext/dist/themes/aurora-x.js": "b98dfb20c7ee3abf370e13279eb835c0d6571dd22354a7920a1dc57b6ccdc47e",
    "https://esm.sh/v135/shiki@1.2.4/denonext/dist/themes/ayu-dark.js": "73a80f6eb380d4398ffe27d1bd8fd32ea8d127e23118ca8669d7438d05252ece",
    "https://esm.sh/v135/shiki@1.2.4/denonext/dist/themes/catppuccin-frappe.js": "c863dd80d6d903528a907425826db8436f21898f169241bd1b62993be2798cdd",
    "https://esm.sh/v135/shiki@1.2.4/denonext/dist/themes/catppuccin-latte.js": "7f91084747672a05148af674dcfdb45cb8e37fc239b47cc072f327c5487b5bff",
    "https://esm.sh/v135/shiki@1.2.4/denonext/dist/themes/catppuccin-macchiato.js": "58555edd55b1cc5deb67bcd0d068c957ae06b7f7e279437289d0ee4b2b34fb1c",
    "https://esm.sh/v135/shiki@1.2.4/denonext/dist/themes/catppuccin-mocha.js": "ed7fa0718a9a9a9258b7d38dffa9ba1791284057dda336e9281c462163895a4d",
    "https://esm.sh/v135/shiki@1.2.4/denonext/dist/themes/dark-plus.js": "9927ccb006fa70cb89abee67d67386b31370515b42760a6524c0602d9a513857",
    "https://esm.sh/v135/shiki@1.2.4/denonext/dist/themes/dracula-soft.js": "de2b994b759976b5419d57cafe65b91bb143bf54aa0403bb108b3aa137c0c6c9",
    "https://esm.sh/v135/shiki@1.2.4/denonext/dist/themes/dracula.js": "9043db7b8518b823966a16a6f65d6055a486f62e97301182c9979cee2ff3b542",
    "https://esm.sh/v135/shiki@1.2.4/denonext/dist/themes/github-dark-default.js": "cba758079ebb3caa2c1da965d8c17b0fe3612f35248d033ffce6623cae28307f",
    "https://esm.sh/v135/shiki@1.2.4/denonext/dist/themes/github-dark-dimmed.js": "64c9f39814bc0d8b72cb771b00b5bfde42e9c0d55b1617e7e147f46f9c4a58d4",
    "https://esm.sh/v135/shiki@1.2.4/denonext/dist/themes/github-dark.js": "0fa9ac17460285276dcc404a7e74800e5e31e716c72e64823cc0c8b3d397518c",
    "https://esm.sh/v135/shiki@1.2.4/denonext/dist/themes/github-light-default.js": "8672fb3d23c4204f8f34a3072eca4f959a88d09b1657db1d58158b2b0c4b75e8",
    "https://esm.sh/v135/shiki@1.2.4/denonext/dist/themes/github-light.js": "0e93de3db6359561817b242cf973aaf170edd2dd6b77a705c82e1493c4386db0",
    "https://esm.sh/v135/shiki@1.2.4/denonext/dist/themes/houston.js": "c6422392c159602b2c96bae7f9cc716834ebe10e78b53c791b311d3c3b9d9fe0",
    "https://esm.sh/v135/shiki@1.2.4/denonext/dist/themes/light-plus.js": "ae22477f1c01dc0d9855d807e749e63752dea8ba79b93464da777392d51fe69d",
    "https://esm.sh/v135/shiki@1.2.4/denonext/dist/themes/material-theme-darker.js": "28a50ab893d7d8ad7c2c8aa630b53c35450d7aa3335b9c4fd7b87fa8b25b0c41",
    "https://esm.sh/v135/shiki@1.2.4/denonext/dist/themes/material-theme-lighter.js": "0f84c6afccb2548aa2e7de0b6b55f0444e219db2f2fa548a8235e5e89798edad",
    "https://esm.sh/v135/shiki@1.2.4/denonext/dist/themes/material-theme-ocean.js": "689ede4b55cc5bb654d1917cf7a286bfd6b73780793d71b59800aaddaf4d72c2",
    "https://esm.sh/v135/shiki@1.2.4/denonext/dist/themes/material-theme-palenight.js": "53f879d7dc9a5afdc57105d9c654e7ed8e6918ebf52522b53978f07f4b7e720d",
    "https://esm.sh/v135/shiki@1.2.4/denonext/dist/themes/material-theme.js": "8703c7091edba1e39705ee2568d9e0e810dbcc04c875d7caa7706eba7477229b",
    "https://esm.sh/v135/shiki@1.2.4/denonext/dist/themes/min-dark.js": "a95c04afd2c7e4c21f437febe17190ac5e53c6924da7370590fef915113ea6cf",
    "https://esm.sh/v135/shiki@1.2.4/denonext/dist/themes/min-light.js": "70b0cfa5ff58f557456ffb6dfd9974b199346cc1c40292a5df902c1c97ac7ea3",
    "https://esm.sh/v135/shiki@1.2.4/denonext/dist/themes/monokai.js": "79f9d13def2691aa6f7a3d8de31fd0b82bbcd5dfa14af8e14a113a4523881dc9",
    "https://esm.sh/v135/shiki@1.2.4/denonext/dist/themes/night-owl.js": "2e4354db1ac1833629a96e16a0a7430e31c0e7436afab351d24e66bbdbe77065",
    "https://esm.sh/v135/shiki@1.2.4/denonext/dist/themes/nord.js": "111fd1446bb484f3c62369f1f17b2b8560c446f8a6178aa1d3ca9c405efee6b1",
    "https://esm.sh/v135/shiki@1.2.4/denonext/dist/themes/one-dark-pro.js": "8acb32cc1427f84d8124419af9d9e1443e773bd53c6ff0343540a57e4ab1e80f",
    "https://esm.sh/v135/shiki@1.2.4/denonext/dist/themes/poimandres.js": "3bfa326325f4962a5212210b667a9ad7191ddadcd0a6772c785999fb37b5800d",
    "https://esm.sh/v135/shiki@1.2.4/denonext/dist/themes/red.js": "9acbfe07229c647b1685a7b91987c92a6009a17a8725a1514cfd67fbf146f5e7",
    "https://esm.sh/v135/shiki@1.2.4/denonext/dist/themes/rose-pine-dawn.js": "764f8e80c3b0ce0d879c62825566d88ab77987d58435ef4b08dc369b5f9fa143",
    "https://esm.sh/v135/shiki@1.2.4/denonext/dist/themes/rose-pine-moon.js": "c689ffc162da7929467a144b1cee893c710f681e28d729c0228ec721b79364e1",
    "https://esm.sh/v135/shiki@1.2.4/denonext/dist/themes/rose-pine.js": "10c3a70d8e27a74799de9f6ca04e5cfd3bd1af652cab0409be27dd41afed8f55",
    "https://esm.sh/v135/shiki@1.2.4/denonext/dist/themes/slack-dark.js": "deeb0fffd24cfd0112a6649d68d5671bf08e437abd5a3f12598fb532cb5819be",
    "https://esm.sh/v135/shiki@1.2.4/denonext/dist/themes/slack-ochin.js": "ae349ee622f36292b02648ad58a2862a27d8952e6f6c4131e0a40c60fc64d0b4",
    "https://esm.sh/v135/shiki@1.2.4/denonext/dist/themes/solarized-dark.js": "ebd53a41ea0b63ee0282dcde19f1054a06cd751f4896a1c365a72367d1e34fba",
    "https://esm.sh/v135/shiki@1.2.4/denonext/dist/themes/solarized-light.js": "6cfaa24179be136b8ee58a99979857d3775ded405ac04f8850731f772cd24bca",
    "https://esm.sh/v135/shiki@1.2.4/denonext/dist/themes/synthwave-84.js": "ab39cd8e1be75f66f0d03e1d553ba175fc48c39e2430bd788c30993983dee67a",
    "https://esm.sh/v135/shiki@1.2.4/denonext/dist/themes/tokyo-night.js": "b4d15b213e41f8bc38c7a17b17ee89744f6cde5e29c49c45b2b7b70c8436a95a",
    "https://esm.sh/v135/shiki@1.2.4/denonext/dist/themes/vesper.js": "5e82646f892db7d16d32344b855de5a5d0deed481715a4a35decb8301a94b8a2",
    "https://esm.sh/v135/shiki@1.2.4/denonext/dist/themes/vitesse-black.js": "be3bb66082f7d31e218f79f887a4c869ace8cbc610cdea8d8ad9a6557ab424a7",
    "https://esm.sh/v135/shiki@1.2.4/denonext/dist/themes/vitesse-dark.js": "1aa9a6b8520addd309c8b2c6c6f06e96096e638dc6282fcff5534b9daf35dba0",
    "https://esm.sh/v135/shiki@1.2.4/denonext/dist/themes/vitesse-light.js": "1e5d5c8c341269a5bfc120c1940b97798b5b8166e5d792a1880cb8cd6a6494a9",
    "https://esm.sh/v135/shiki@1.2.4/denonext/langs.js": "9ab5af1f28ec5010f6451df060d3eb3d15337296545e3a99a616aa9a525d44ec",
    "https://esm.sh/v135/shiki@1.2.4/denonext/shiki.mjs": "f940b21e6bdd288272e96c0d4c0583a402046dd73d96e73e364da45ace84d2c3",
    "https://esm.sh/v135/shiki@1.2.4/denonext/theme-css-variables.js": "f464e45d9dddff28bc1706380a944966e153e4b46bb69a7effad1019162d48a2",
    "https://esm.sh/v135/shiki@1.2.4/denonext/themes.js": "c5c8f81268ceaa7d9070bd5e538000645fc4fd270820c339c717654f6e13e11f",
    "https://esm.sh/v135/shiki@1.2.4/denonext/wasm.js": "af09983c40e11917c519823967c9bc74eb67cd18b64b457cf88a677e30fbbd8b"
  },
  "workspace": {
    "packageJson": {
      "dependencies": [
        "npm:@types/katex@^0.16.7",
        "npm:esbuild@^0.20.2",
        "npm:katex@^0.16.9",
        "npm:shiki@^1.1.2"
      ]
    }
  }
}
